{
  "name": "rail-switch",
  "version": "0.0.1",
  "lockfileVersion": 3,
  "requires": true,
  "packages": {
    "": {
      "name": "rail-switch",
      "version": "0.0.1",
      "license": "MIT",
      "dependencies": {
        "@types/sortablejs": "^1.15.8",
        "dragselect": "^3.1.1",
        "sortablejs": "^1.15.6"
      },
      "devDependencies": {
        "@stencil/core": "^4.7.0",
        "@types/node": "^16.18.11"
      }
    },
    "node_modules/@stencil/core": {
      "version": "4.23.0",
      "resolved": "https://registry.npmjs.org/@stencil/core/-/core-4.23.0.tgz",
      "integrity": "sha512-9vI8ywhoqlaDEmrcntejrZ9X76Tddv2JyWakjVpqJAdDNXgf520sYkyjzGT0p8VJfPtSaKm6pMtl5sAH1r9cFg==",
      "dev": true,
      "bin": {
        "stencil": "bin/stencil"
      },
      "engines": {
        "node": ">=16.0.0",
        "npm": ">=7.10.0"
      }
    },
    "node_modules/@types/node": {
      "version": "16.18.122",
      "resolved": "https://registry.npmjs.org/@types/node/-/node-16.18.122.tgz",
      "integrity": "sha512-rF6rUBS80n4oK16EW8nE75U+9fw0SSUgoPtWSvHhPXdT7itbvmS7UjB/jyM8i3AkvI6yeSM5qCwo+xN0npGDHg==",
      "dev": true
    },
    "node_modules/@types/sortablejs": {
      "version": "1.15.8",
      "resolved": "https://registry.npmjs.org/@types/sortablejs/-/sortablejs-1.15.8.tgz",
      "integrity": "sha512-b79830lW+RZfwaztgs1aVPgbasJ8e7AXtZYHTELNXZPsERt4ymJdjV4OccDbHQAvHrCcFpbF78jkm0R6h/pZVg=="
    },
    "node_modules/dragselect": {
      "version": "3.1.1",
      "resolved": "https://registry.npmjs.org/dragselect/-/dragselect-3.1.1.tgz",
      "integrity": "sha512-vaTAVcCSvv8xMLD9jD2Qe/Y0nEwnj1yQjyacDAd+znp97b5V0Prw+MxG6OknmjbnYWaN3vtsQVr+BUL9J838zA=="
    },
    "node_modules/sortablejs": {
      "version": "1.15.6",
      "resolved": "https://registry.npmjs.org/sortablejs/-/sortablejs-1.15.6.tgz",
      "integrity": "sha512-aNfiuwMEpfBM/CN6LY0ibyhxPfPbyFeBTYJKCvzkJ2GkUpazIt3H+QIPAMHwqQ7tMKaHz1Qj+rJJCqljnf4p3A=="
    }
  }
}
